// !$*UTF8*$!
{
	archiveVersion = 1;
	classes = {
	};
	objectVersion = 55;
	objects = {

/* Begin PBXBuildFile section */
		352D350A28795CD9004117D7 /* AppDelegate.swift in Sources */ = {isa = PBXBuildFile; fileRef = 352D350928795CD9004117D7 /* AppDelegate.swift */; };
		352D350C28795CD9004117D7 /* SceneDelegate.swift in Sources */ = {isa = PBXBuildFile; fileRef = 352D350B28795CD9004117D7 /* SceneDelegate.swift */; };
		352D350E28795CD9004117D7 /* StartViewController.swift in Sources */ = {isa = PBXBuildFile; fileRef = 352D350D28795CD9004117D7 /* StartViewController.swift */; };
		352D351328795CDA004117D7 /* Assets.xcassets in Resources */ = {isa = PBXBuildFile; fileRef = 352D351228795CDA004117D7 /* Assets.xcassets */; };
		352D351628795CDA004117D7 /* LaunchScreen.storyboard in Resources */ = {isa = PBXBuildFile; fileRef = 352D351428795CDA004117D7 /* LaunchScreen.storyboard */; };
		352D351E28795E26004117D7 /* PersonTableViewCell.swift in Sources */ = {isa = PBXBuildFile; fileRef = 352D351D28795E26004117D7 /* PersonTableViewCell.swift */; };
		352D352028795EC3004117D7 /* BaseViewController.swift in Sources */ = {isa = PBXBuildFile; fileRef = 352D351F28795EC3004117D7 /* BaseViewController.swift */; };
		352D35222879804F004117D7 /* ProfileViewController.swift in Sources */ = {isa = PBXBuildFile; fileRef = 352D35212879804F004117D7 /* ProfileViewController.swift */; };
		352D3524287981BD004117D7 /* ImageLabelView.swift in Sources */ = {isa = PBXBuildFile; fileRef = 352D3523287981BD004117D7 /* ImageLabelView.swift */; };
/* End PBXBuildFile section */

/* Begin PBXFileReference section */
		352D350628795CD9004117D7 /* KakaoProfile.app */ = {isa = PBXFileReference; explicitFileType = wrapper.application; includeInIndex = 0; path = KakaoProfile.app; sourceTree = BUILT_PRODUCTS_DIR; };
		352D350928795CD9004117D7 /* AppDelegate.swift */ = {isa = PBXFileReference; lastKnownFileType = sourcecode.swift; path = AppDelegate.swift; sourceTree = "<group>"; };
		352D350B28795CD9004117D7 /* SceneDelegate.swift */ = {isa = PBXFileReference; lastKnownFileType = sourcecode.swift; path = SceneDelegate.swift; sourceTree = "<group>"; };
		352D350D28795CD9004117D7 /* StartViewController.swift */ = {isa = PBXFileReference; lastKnownFileType = sourcecode.swift; path = StartViewController.swift; sourceTree = "<group>"; };
		352D351228795CDA004117D7 /* Assets.xcassets */ = {isa = PBXFileReference; lastKnownFileType = folder.assetcatalog; path = Assets.xcassets; sourceTree = "<group>"; };
		352D351528795CDA004117D7 /* Base */ = {isa = PBXFileReference; lastKnownFileType = file.storyboard; name = Base; path = Base.lproj/LaunchScreen.storyboard; sourceTree = "<group>"; };
		352D351728795CDA004117D7 /* Info.plist */ = {isa = PBXFileReference; lastKnownFileType = text.plist.xml; path = Info.plist; sourceTree = "<group>"; };
		352D351D28795E26004117D7 /* PersonTableViewCell.swift */ = {isa = PBXFileReference; lastKnownFileType = sourcecode.swift; path = PersonTableViewCell.swift; sourceTree = "<group>"; };
		352D351F28795EC3004117D7 /* BaseViewController.swift */ = {isa = PBXFileReference; lastKnownFileType = sourcecode.swift; path = BaseViewController.swift; sourceTree = "<group>"; };
		352D35212879804F004117D7 /* ProfileViewController.swift */ = {isa = PBXFileReference; lastKnownFileType = sourcecode.swift; path = ProfileViewController.swift; sourceTree = "<group>"; };
		352D3523287981BD004117D7 /* ImageLabelView.swift */ = {isa = PBXFileReference; lastKnownFileType = sourcecode.swift; path = ImageLabelView.swift; sourceTree = "<group>"; };
/* End PBXFileReference section */

/* Begin PBXFrameworksBuildPhase section */
		352D350328795CD9004117D7 /* Frameworks */ = {
			isa = PBXFrameworksBuildPhase;
			buildActionMask = 2147483647;
			files = (
			);
			runOnlyForDeploymentPostprocessing = 0;
		};
/* End PBXFrameworksBuildPhase section */

/* Begin PBXGroup section */
		352D34FD28795CD9004117D7 = {
			isa = PBXGroup;
			children = (
				352D350828795CD9004117D7 /* KakaoProfile */,
				352D350728795CD9004117D7 /* Products */,
			);
			sourceTree = "<group>";
		};
		352D350728795CD9004117D7 /* Products */ = {
			isa = PBXGroup;
			children = (
				352D350628795CD9004117D7 /* KakaoProfile.app */,
			);
			name = Products;
			sourceTree = "<group>";
		};
		352D350828795CD9004117D7 /* KakaoProfile */ = {
			isa = PBXGroup;
			children = (
				352D35262879AAC3004117D7 /* Main */,
				352D35292879AB4A004117D7 /* Supports */,
				352D351728795CDA004117D7 /* Info.plist */,
				352D352A2879AB58004117D7 /* Resources */,
			);
			path = KakaoProfile;
			sourceTree = "<group>";
		};
		352D35252879AAA0004117D7 /* Controllers */ = {
			isa = PBXGroup;
			children = (
				352D350D28795CD9004117D7 /* StartViewController.swift */,
				352D35212879804F004117D7 /* ProfileViewController.swift */,
			);
			path = Controllers;
			sourceTree = "<group>";
		};
		352D35262879AAC3004117D7 /* Main */ = {
			isa = PBXGroup;
			children = (
				352D352B2879AB75004117D7 /* Base */,
				352D35252879AAA0004117D7 /* Controllers */,
				352D35272879AAD6004117D7 /* Views */,
				352D35282879AAED004117D7 /* Cells */,
			);
			path = Main;
			sourceTree = "<group>";
		};
		352D35272879AAD6004117D7 /* Views */ = {
			isa = PBXGroup;
			children = (
				352D3523287981BD004117D7 /* ImageLabelView.swift */,
			);
			path = Views;
			sourceTree = "<group>";
		};
		352D35282879AAED004117D7 /* Cells */ = {
			isa = PBXGroup;
			children = (
				352D351D28795E26004117D7 /* PersonTableViewCell.swift */,
			);
			path = Cells;
			sourceTree = "<group>";
		};
		352D35292879AB4A004117D7 /* Supports */ = {
			isa = PBXGroup;
			children = (
				352D350928795CD9004117D7 /* AppDelegate.swift */,
				352D350B28795CD9004117D7 /* SceneDelegate.swift */,
			);
			path = Supports;
			sourceTree = "<group>";
		};
		352D352A2879AB58004117D7 /* Resources */ = {
			isa = PBXGroup;
			children = (
				352D351228795CDA004117D7 /* Assets.xcassets */,
				352D351428795CDA004117D7 /* LaunchScreen.storyboard */,
			);
			path = Resources;
			sourceTree = "<group>";
		};
		352D352B2879AB75004117D7 /* Base */ = {
			isa = PBXGroup;
			children = (
				352D351F28795EC3004117D7 /* BaseViewController.swift */,
			);
			path = Base;
			sourceTree = "<group>";
		};
/* End PBXGroup section */

/* Begin PBXNativeTarget section */
		352D350528795CD9004117D7 /* KakaoProfile */ = {
			isa = PBXNativeTarget;
			buildConfigurationList = 352D351A28795CDA004117D7 /* Build configuration list for PBXNativeTarget "KakaoProfile" */;
			buildPhases = (
				352D350228795CD9004117D7 /* Sources */,
				352D350328795CD9004117D7 /* Frameworks */,
				352D350428795CD9004117D7 /* Resources */,
			);
			buildRules = (
			);
			dependencies = (
			);
			name = KakaoProfile;
			productName = KakaoProfile;
			productReference = 352D350628795CD9004117D7 /* KakaoProfile.app */;
			productType = "com.apple.product-type.application";
		};
/* End PBXNativeTarget section */

/* Begin PBXProject section */
		352D34FE28795CD9004117D7 /* Project object */ = {
			isa = PBXProject;
			attributes = {
				BuildIndependentTargetsInParallel = 1;
				LastSwiftUpdateCheck = 1330;
				LastUpgradeCheck = 1330;
				TargetAttributes = {
					352D350528795CD9004117D7 = {
						CreatedOnToolsVersion = 13.3.1;
					};
				};
			};
			buildConfigurationList = 352D350128795CD9004117D7 /* Build configuration list for PBXProject "KakaoProfile" */;
			compatibilityVersion = "Xcode 13.0";
			developmentRegion = en;
			hasScannedForEncodings = 0;
			knownRegions = (
				en,
				Base,
			);
			mainGroup = 352D34FD28795CD9004117D7;
			productRefGroup = 352D350728795CD9004117D7 /* Products */;
			projectDirPath = "";
			projectRoot = "";
			targets = (
				352D350528795CD9004117D7 /* KakaoProfile */,
			);
		};
/* End PBXProject section */

/* Begin PBXResourcesBuildPhase section */
		352D350428795CD9004117D7 /* Resources */ = {
			isa = PBXResourcesBuildPhase;
			buildActionMask = 2147483647;
			files = (
				352D351628795CDA004117D7 /* LaunchScreen.storyboard in Resources */,
				352D351328795CDA004117D7 /* Assets.xcassets in Resources */,
			);
			runOnlyForDeploymentPostprocessing = 0;
		};
/* End PBXResourcesBuildPhase section */

/* Begin PBXSourcesBuildPhase section */
		352D350228795CD9004117D7 /* Sources */ = {
			isa = PBXSourcesBuildPhase;
			buildActionMask = 2147483647;
			files = (
				352D35222879804F004117D7 /* ProfileViewController.swift in Sources */,
				352D352028795EC3004117D7 /* BaseViewController.swift in Sources */,
				352D350E28795CD9004117D7 /* StartViewController.swift in Sources */,
				352D3524287981BD004117D7 /* ImageLabelView.swift in Sources */,
				352D350A28795CD9004117D7 /* AppDelegate.swift in Sources */,
				352D351E28795E26004117D7 /* PersonTableViewCell.swift in Sources */,
				352D350C28795CD9004117D7 /* SceneDelegate.swift in Sources */,
			);
			runOnlyForDeploymentPostprocessing = 0;
		};
/* End PBXSourcesBuildPhase section */

/* Begin PBXVariantGroup section */
		352D351428795CDA004117D7 /* LaunchScreen.storyboard */ = {
			isa = PBXVariantGroup;
			children = (
				352D351528795CDA004117D7 /* Base */,
			);
			name = LaunchScreen.storyboard;
			sourceTree = "<group>";
		};
/* End PBXVariantGroup section */

/* Begin XCBuildConfiguration section */
		352D351828795CDA004117D7 /* Debug */ = {
			isa = XCBuildConfiguration;
			buildSettings = {
				ALWAYS_SEARCH_USER_PATHS = NO;
				CLANG_ANALYZER_NONNULL = YES;
				CLANG_ANALYZER_NUMBER_OBJECT_CONVERSION = YES_AGGRESSIVE;
				CLANG_CXX_LANGUAGE_STANDARD = "gnu++17";
				CLANG_ENABLE_MODULES = YES;
				CLANG_ENABLE_OBJC_ARC = YES;
				CLANG_ENABLE_OBJC_WEAK = YES;
				CLANG_WARN_BLOCK_CAPTURE_AUTORELEASING = YES;
				CLANG_WARN_BOOL_CONVERSION = YES;
				CLANG_WARN_COMMA = YES;
				CLANG_WARN_CONSTANT_CONVERSION = YES;
				CLANG_WARN_DEPRECATED_OBJC_IMPLEMENTATIONS = YES;
				CLANG_WARN_DIRECT_OBJC_ISA_USAGE = YES_ERROR;
				CLANG_WARN_DOCUMENTATION_COMMENTS = YES;
				CLANG_WARN_EMPTY_BODY = YES;
				CLANG_WARN_ENUM_CONVERSION = YES;
				CLANG_WARN_INFINITE_RECURSION = YES;
				CLANG_WARN_INT_CONVERSION = YES;
				CLANG_WARN_NON_LITERAL_NULL_CONVERSION = YES;
				CLANG_WARN_OBJC_IMPLICIT_RETAIN_SELF = YES;
				CLANG_WARN_OBJC_LITERAL_CONVERSION = YES;
				CLANG_WARN_OBJC_ROOT_CLASS = YES_ERROR;
				CLANG_WARN_QUOTED_INCLUDE_IN_FRAMEWORK_HEADER = YES;
				CLANG_WARN_RANGE_LOOP_ANALYSIS = YES;
				CLANG_WARN_STRICT_PROTOTYPES = YES;
				CLANG_WARN_SUSPICIOUS_MOVE = YES;
				CLANG_WARN_UNGUARDED_AVAILABILITY = YES_AGGRESSIVE;
				CLANG_WARN_UNREACHABLE_CODE = YES;
				CLANG_WARN__DUPLICATE_METHOD_MATCH = YES;
				COPY_PHASE_STRIP = NO;
				DEBUG_INFORMATION_FORMAT = dwarf;
				ENABLE_STRICT_OBJC_MSGSEND = YES;
				ENABLE_TESTABILITY = YES;
				GCC_C_LANGUAGE_STANDARD = gnu11;
				GCC_DYNAMIC_NO_PIC = NO;
				GCC_NO_COMMON_BLOCKS = YES;
				GCC_OPTIMIZATION_LEVEL = 0;
				GCC_PREPROCESSOR_DEFINITIONS = (
					"DEBUG=1",
					"$(inherited)",
				);
				GCC_WARN_64_TO_32_BIT_CONVERSION = YES;
				GCC_WARN_ABOUT_RETURN_TYPE = YES_ERROR;
				GCC_WARN_UNDECLARED_SELECTOR = YES;
				GCC_WARN_UNINITIALIZED_AUTOS = YES_AGGRESSIVE;
				GCC_WARN_UNUSED_FUNCTION = YES;
				GCC_WARN_UNUSED_VARIABLE = YES;
				IPHONEOS_DEPLOYMENT_TARGET = 15.4;
				MTL_ENABLE_DEBUG_INFO = INCLUDE_SOURCE;
				MTL_FAST_MATH = YES;
				ONLY_ACTIVE_ARCH = YES;
				SDKROOT = iphoneos;
				SWIFT_ACTIVE_COMPILATION_CONDITIONS = DEBUG;
				SWIFT_OPTIMIZATION_LEVEL = "-Onone";
			};
			name = Debug;
		};
		352D351928795CDA004117D7 /* Release */ = {
			isa = XCBuildConfiguration;
			buildSettings = {
				ALWAYS_SEARCH_USER_PATHS = NO;
				CLANG_ANALYZER_NONNULL = YES;
				CLANG_ANALYZER_NUMBER_OBJECT_CONVERSION = YES_AGGRESSIVE;
				CLANG_CXX_LANGUAGE_STANDARD = "gnu++17";
				CLANG_ENABLE_MODULES = YES;
				CLANG_ENABLE_OBJC_ARC = YES;
				CLANG_ENABLE_OBJC_WEAK = YES;
				CLANG_WARN_BLOCK_CAPTURE_AUTORELEASING = YES;
				CLANG_WARN_BOOL_CONVERSION = YES;
				CLANG_WARN_COMMA = YES;
				CLANG_WARN_CONSTANT_CONVERSION = YES;
				CLANG_WARN_DEPRECATED_OBJC_IMPLEMENTATIONS = YES;
				CLANG_WARN_DIRECT_OBJC_ISA_USAGE = YES_ERROR;
				CLANG_WARN_DOCUMENTATION_COMMENTS = YES;
				CLANG_WARN_EMPTY_BODY = YES;
				CLANG_WARN_ENUM_CONVERSION = YES;
				CLANG_WARN_INFINITE_RECURSION = YES;
				CLANG_WARN_INT_CONVERSION = YES;
				CLANG_WARN_NON_LITERAL_NULL_CONVERSION = YES;
				CLANG_WARN_OBJC_IMPLICIT_RETAIN_SELF = YES;
				CLANG_WARN_OBJC_LITERAL_CONVERSION = YES;
				CLANG_WARN_OBJC_ROOT_CLASS = YES_ERROR;
				CLANG_WARN_QUOTED_INCLUDE_IN_FRAMEWORK_HEADER = YES;
				CLANG_WARN_RANGE_LOOP_ANALYSIS = YES;
				CLANG_WARN_STRICT_PROTOTYPES = YES;
				CLANG_WARN_SUSPICIOUS_MOVE = YES;
				CLANG_WARN_UNGUARDED_AVAILABILITY = YES_AGGRESSIVE;
				CLANG_WARN_UNREACHABLE_CODE = YES;
				CLANG_WARN__DUPLICATE_METHOD_MATCH = YES;
				COPY_PHASE_STRIP = NO;
				DEBUG_INFORMATION_FORMAT = "dwarf-with-dsym";
				ENABLE_NS_ASSERTIONS = NO;
				ENABLE_STRICT_OBJC_MSGSEND = YES;
				GCC_C_LANGUAGE_STANDARD = gnu11;
				GCC_NO_COMMON_BLOCKS = YES;
				GCC_WARN_64_TO_32_BIT_CONVERSION = YES;
				GCC_WARN_ABOUT_RETURN_TYPE = YES_ERROR;
				GCC_WARN_UNDECLARED_SELECTOR = YES;
				GCC_WARN_UNINITIALIZED_AUTOS = YES_AGGRESSIVE;
				GCC_WARN_UNUSED_FUNCTION = YES;
				GCC_WARN_UNUSED_VARIABLE = YES;
				IPHONEOS_DEPLOYMENT_TARGET = 15.4;
				MTL_ENABLE_DEBUG_INFO = NO;
				MTL_FAST_MATH = YES;
				SDKROOT = iphoneos;
				SWIFT_COMPILATION_MODE = wholemodule;
				SWIFT_OPTIMIZATION_LEVEL = "-O";
				VALIDATE_PRODUCT = YES;
			};
			name = Release;
		};
		352D351B28795CDA004117D7 /* Debug */ = {
			isa = XCBuildConfiguration;
			buildSettings = {
				ASSETCATALOG_COMPILER_APPICON_NAME = AppIcon;
				ASSETCATALOG_COMPILER_GLOBAL_ACCENT_COLOR_NAME = AccentColor;
				CODE_SIGN_STYLE = Automatic;
				CURRENT_PROJECT_VERSION = 1;
				DEVELOPMENT_TEAM = J85NQ6YL4V;
				GENERATE_INFOPLIST_FILE = YES;
				INFOPLIST_FILE = KakaoProfile/Info.plist;
				INFOPLIST_KEY_UIApplicationSupportsIndirectInputEvents = YES;
				INFOPLIST_KEY_UILaunchStoryboardName = LaunchScreen;
				INFOPLIST_KEY_UISupportedInterfaceOrientations_iPad = "UIInterfaceOrientationPortrait UIInterfaceOrientationPortraitUpsideDown UIInterfaceOrientationLandscapeLeft UIInterfaceOrientationLandscapeRight";
				INFOPLIST_KEY_UISupportedInterfaceOrientations_iPhone = "UIInterfaceOrientationPortrait UIInterfaceOrientationLandscapeLeft UIInterfaceOrientationLandscapeRight";
				IPHONEOS_DEPLOYMENT_TARGET = 15.0;
				LD_RUNPATH_SEARCH_PATHS = (
					"$(inherited)",
					"@executable_path/Frameworks",
				);
				MARKETING_VERSION = 1.0;
				PRODUCT_BUNDLE_IDENTIFIER = com.standard.KakaoProfile;
				PRODUCT_NAME = "$(TARGET_NAME)";
				SWIFT_EMIT_LOC_STRINGS = YES;
				SWIFT_VERSION = 5.0;
				TARGETED_DEVICE_FAMILY = "1,2";
			};
			name = Debug;
		};
		352D351C28795CDA004117D7 /* Release */ = {
			isa = XCBuildConfiguration;
			buildSettings = {
				ASSETCATALOG_COMPILER_APPICON_NAME = AppIcon;
				ASSETCATALOG_COMPILER_GLOBAL_ACCENT_COLOR_NAME = AccentColor;
				CODE_SIGN_STYLE = Automatic;
				CURRENT_PROJECT_VERSION = 1;
				DEVELOPMENT_TEAM = J85NQ6YL4V;
				GENERATE_INFOPLIST_FILE = YES;
				INFOPLIST_FILE = KakaoProfile/Info.plist;
				INFOPLIST_KEY_UIApplicationSupportsIndirectInputEvents = YES;
				INFOPLIST_KEY_UILaunchStoryboardName = LaunchScreen;
				INFOPLIST_KEY_UISupportedInterfaceOrientations_iPad = "UIInterfaceOrientationPortrait UIInterfaceOrientationPortraitUpsideDown UIInterfaceOrientationLandscapeLeft UIInterfaceOrientationLandscapeRight";
				INFOPLIST_KEY_UISupportedInterfaceOrientations_iPhone = "UIInterfaceOrientationPortrait UIInterfaceOrientationLandscapeLeft UIInterfaceOrientationLandscapeRight";
				IPHONEOS_DEPLOYMENT_TARGET = 15.0;
				LD_RUNPATH_SEARCH_PATHS = (
					"$(inherited)",
					"@executable_path/Frameworks",
				);
				MARKETING_VERSION = 1.0;
				PRODUCT_BUNDLE_IDENTIFIER = com.standard.KakaoProfile;
				PRODUCT_NAME = "$(TARGET_NAME)";
				SWIFT_EMIT_LOC_STRINGS = YES;
				SWIFT_VERSION = 5.0;
				TARGETED_DEVICE_FAMILY = "1,2";
			};
			name = Release;
		};
/* End XCBuildConfiguration section */

/* Begin XCConfigurationList section */
		352D350128795CD9004117D7 /* Build configuration list for PBXProject "KakaoProfile" */ = {
			isa = XCConfigurationList;
			buildConfigurations = (
				352D351828795CDA004117D7 /* Debug */,
				352D351928795CDA004117D7 /* Release */,
			);
			defaultConfigurationIsVisible = 0;
			defaultConfigurationName = Release;
		};
		352D351A28795CDA004117D7 /* Build configuration list for PBXNativeTarget "KakaoProfile" */ = {
			isa = XCConfigurationList;
			buildConfigurations = (
				352D351B28795CDA004117D7 /* Debug */,
				352D351C28795CDA004117D7 /* Release */,
			);
			defaultConfigurationIsVisible = 0;
			defaultConfigurationName = Release;
		};
/* End XCConfigurationList section */
	};
	rootObject = 352D34FE28795CD9004117D7 /* Project object */;
}
